
Microsoft Visual Studio Solution File, Format Version 12.00
# Visual Studio Version 16
VisualStudioVersion = 16.0.31321.278
MinimumVisualStudioVersion = 10.0.40219.1
Project("{FAE04EC0-301F-11D3-BF4B-00C04F79EFBC}") = "HW35_crossings", "HW35_crossings\HW35_crossings.csproj", "{9B9B2A07-5962-4CEE-A4E2-16EA1505E2C0}"
EndProject
Global
	GlobalSection(SolutionConfigurationPlatforms) = preSolution
		Debug|Any CPU = Debug|Any CPU
		Release|Any CPU = Release|Any CPU
	EndGlobalSection
	GlobalSection(ProjectConfigurationPlatforms) = postSolution
		{9B9B2A07-5962-4CEE-A4E2-16EA1505E2C0}.Debug|Any CPU.ActiveCfg = Debug|Any CPU
		{9B9B2A07-5962-4CEE-A4E2-16EA1505E2C0}.Debug|Any CPU.Build.0 = Debug|Any CPU
		{9B9B2A07-5962-4CEE-A4E2-16EA1505E2C0}.Release|Any CPU.ActiveCfg = Release|Any CPU
		{9B9B2A07-5962-4CEE-A4E2-16EA1505E2C0}.Release|Any CPU.Build.0 = Release|Any CPU
	EndGlobalSection
	GlobalSection(SolutionProperties) = preSolution
		HideSolutionNode = FALSE
	EndGlobalSection
	GlobalSection(ExtensibilityGlobals) = postSolution
		SolutionGuid = {27E00D1F-14CB-48AA-B611-3CF027E485E8}
	EndGlobalSection
EndGlobal
